// !$*UTF8*$!
{
	archiveVersion = 1;
	classes = {
	};
	objectVersion = 50;
	objects = {

/* Begin PBXBuildFile section */
		3E033FEFC4AA9C753A0371D8 /* Pods_reesebotUITests.framework in Frameworks */ = {isa = PBXBuildFile; fileRef = 6D424A552874E8FBDC429C30 /* Pods_reesebotUITests.framework */; };
		6A0EC2D421022594006FBCEC /* AssistantV1.framework in CopyFiles */ = {isa = PBXBuildFile; fileRef = 6A0EC2D321022594006FBCEC /* AssistantV1.framework */; settings = {ATTRIBUTES = (CodeSignOnCopy, RemoveHeadersOnCopy, ); }; };
		6A0EC2D6210225A8006FBCEC /* DiscoveryV1.framework in CopyFiles */ = {isa = PBXBuildFile; fileRef = 6A0EC2D5210225A8006FBCEC /* DiscoveryV1.framework */; settings = {ATTRIBUTES = (CodeSignOnCopy, RemoveHeadersOnCopy, ); }; };
		6A47EBBA20C5C4F3003BD42B /* AppDelegate.swift in Sources */ = {isa = PBXBuildFile; fileRef = 6A47EBB920C5C4F3003BD42B /* AppDelegate.swift */; };
		6A47EBBC20C5C4F3003BD42B /* ViewController.swift in Sources */ = {isa = PBXBuildFile; fileRef = 6A47EBBB20C5C4F3003BD42B /* ViewController.swift */; };
		6A47EBBF20C5C4F3003BD42B /* Main.storyboard in Resources */ = {isa = PBXBuildFile; fileRef = 6A47EBBD20C5C4F3003BD42B /* Main.storyboard */; };
		6A47EBC220C5C4F3003BD42B /* reesebot.xcdatamodeld in Sources */ = {isa = PBXBuildFile; fileRef = 6A47EBC020C5C4F3003BD42B /* reesebot.xcdatamodeld */; };
		6A47EBC420C5C4F5003BD42B /* Assets.xcassets in Resources */ = {isa = PBXBuildFile; fileRef = 6A47EBC320C5C4F5003BD42B /* Assets.xcassets */; };
		6A47EBC720C5C4F5003BD42B /* LaunchScreen.storyboard in Resources */ = {isa = PBXBuildFile; fileRef = 6A47EBC520C5C4F5003BD42B /* LaunchScreen.storyboard */; };
		6A47EBD220C5C4F5003BD42B /* reesebotTests.swift in Sources */ = {isa = PBXBuildFile; fileRef = 6A47EBD120C5C4F5003BD42B /* reesebotTests.swift */; };
		6A47EBDD20C5C4F5003BD42B /* reesebotUITests.swift in Sources */ = {isa = PBXBuildFile; fileRef = 6A47EBDC20C5C4F5003BD42B /* reesebotUITests.swift */; };
		6A7E255B20C5D5230098F6FC /* AssistantV1.framework in Embed Frameworks */ = {isa = PBXBuildFile; fileRef = 6A47EBEB20C5D048003BD42B /* AssistantV1.framework */; settings = {ATTRIBUTES = (CodeSignOnCopy, RemoveHeadersOnCopy, ); }; };
		6A7E255C20C5D5820098F6FC /* AssistantV1.framework in Frameworks */ = {isa = PBXBuildFile; fileRef = 6A47EBEB20C5D048003BD42B /* AssistantV1.framework */; };
		6A9062CF20E57E0C00306BD6 /* unc.png in Resources */ = {isa = PBXBuildFile; fileRef = 6A9062CE20E57E0C00306BD6 /* unc.png */; };
		6A9062D120E57FC200306BD6 /* share.png in Resources */ = {isa = PBXBuildFile; fileRef = 6A9062D020E57FC200306BD6 /* share.png */; };
		6AAD51A820C7083900AB746D /* DiscoveryV1.framework in Frameworks */ = {isa = PBXBuildFile; fileRef = 6AAD51A720C7083900AB746D /* DiscoveryV1.framework */; };
		6AAD51A920C7084200AB746D /* DiscoveryV1.framework in Frameworks */ = {isa = PBXBuildFile; fileRef = 6AAD51A720C7083900AB746D /* DiscoveryV1.framework */; };
		6AAD51AA20C7084200AB746D /* DiscoveryV1.framework in Embed Frameworks */ = {isa = PBXBuildFile; fileRef = 6AAD51A720C7083900AB746D /* DiscoveryV1.framework */; settings = {ATTRIBUTES = (CodeSignOnCopy, RemoveHeadersOnCopy, ); }; };
		C33677D5ABC78AFE43EEC58D /* Pods_reesebot.framework in Frameworks */ = {isa = PBXBuildFile; fileRef = 3CF1FC92CCB8CD9D811D954C /* Pods_reesebot.framework */; };
		E1FAC3AE48FAF14B8B89929B /* Pods_reesebotTests.framework in Frameworks */ = {isa = PBXBuildFile; fileRef = 181FC25CF44E64713C5A0A9C /* Pods_reesebotTests.framework */; };
/* End PBXBuildFile section */

/* Begin PBXContainerItemProxy section */
		6A47EBCE20C5C4F5003BD42B /* PBXContainerItemProxy */ = {
			isa = PBXContainerItemProxy;
			containerPortal = 6A47EBAE20C5C4F3003BD42B /* Project object */;
			proxyType = 1;
			remoteGlobalIDString = 6A47EBB520C5C4F3003BD42B;
			remoteInfo = reesebot;
		};
		6A47EBD920C5C4F5003BD42B /* PBXContainerItemProxy */ = {
			isa = PBXContainerItemProxy;
			containerPortal = 6A47EBAE20C5C4F3003BD42B /* Project object */;
			proxyType = 1;
			remoteGlobalIDString = 6A47EBB520C5C4F3003BD42B;
			remoteInfo = reesebot;
		};
/* End PBXContainerItemProxy section */

/* Begin PBXCopyFilesBuildPhase section */
		6A0EC2D221022579006FBCEC /* CopyFiles */ = {
			isa = PBXCopyFilesBuildPhase;
			buildActionMask = 2147483647;
			dstPath = "";
			dstSubfolderSpec = 10;
			files = (
				6A0EC2D6210225A8006FBCEC /* DiscoveryV1.framework in CopyFiles */,
				6A0EC2D421022594006FBCEC /* AssistantV1.framework in CopyFiles */,
			);
			runOnlyForDeploymentPostprocessing = 0;
		};
		6A7E255820C5D51C0098F6FC /* Embed Frameworks */ = {
			isa = PBXCopyFilesBuildPhase;
			buildActionMask = 2147483647;
			dstPath = "";
			dstSubfolderSpec = 10;
			files = (
				6AAD51AA20C7084200AB746D /* DiscoveryV1.framework in Embed Frameworks */,
				6A7E255B20C5D5230098F6FC /* AssistantV1.framework in Embed Frameworks */,
			);
			name = "Embed Frameworks";
			runOnlyForDeploymentPostprocessing = 0;
		};
/* End PBXCopyFilesBuildPhase section */

/* Begin PBXFileReference section */
		14B6FA63FDCA956602FFD9E4 /* Pods-reesebotUITests.debug.xcconfig */ = {isa = PBXFileReference; includeInIndex = 1; lastKnownFileType = text.xcconfig; name = "Pods-reesebotUITests.debug.xcconfig"; path = "Pods/Target Support Files/Pods-reesebotUITests/Pods-reesebotUITests.debug.xcconfig"; sourceTree = "<group>"; };
		181FC25CF44E64713C5A0A9C /* Pods_reesebotTests.framework */ = {isa = PBXFileReference; explicitFileType = wrapper.framework; includeInIndex = 0; path = Pods_reesebotTests.framework; sourceTree = BUILT_PRODUCTS_DIR; };
		3CF1FC92CCB8CD9D811D954C /* Pods_reesebot.framework */ = {isa = PBXFileReference; explicitFileType = wrapper.framework; includeInIndex = 0; path = Pods_reesebot.framework; sourceTree = BUILT_PRODUCTS_DIR; };
		3F1C5A51F9912566C1C2A15E /* Pods-reesebotUITests.release.xcconfig */ = {isa = PBXFileReference; includeInIndex = 1; lastKnownFileType = text.xcconfig; name = "Pods-reesebotUITests.release.xcconfig"; path = "Pods/Target Support Files/Pods-reesebotUITests/Pods-reesebotUITests.release.xcconfig"; sourceTree = "<group>"; };
		5EB2342A626C79CD8A51956C /* Pods-reesebotTests.debug.xcconfig */ = {isa = PBXFileReference; includeInIndex = 1; lastKnownFileType = text.xcconfig; name = "Pods-reesebotTests.debug.xcconfig"; path = "Pods/Target Support Files/Pods-reesebotTests/Pods-reesebotTests.debug.xcconfig"; sourceTree = "<group>"; };
		6A0EC2D321022594006FBCEC /* AssistantV1.framework */ = {isa = PBXFileReference; lastKnownFileType = wrapper.framework; name = AssistantV1.framework; path = Carthage/Build/iOS/AssistantV1.framework; sourceTree = "<group>"; };
		6A0EC2D5210225A8006FBCEC /* DiscoveryV1.framework */ = {isa = PBXFileReference; lastKnownFileType = wrapper.framework; name = DiscoveryV1.framework; path = Carthage/Build/iOS/DiscoveryV1.framework; sourceTree = "<group>"; };
		6A47EBB620C5C4F3003BD42B /* reesebot.app */ = {isa = PBXFileReference; explicitFileType = wrapper.application; includeInIndex = 0; path = reesebot.app; sourceTree = BUILT_PRODUCTS_DIR; };
		6A47EBB920C5C4F3003BD42B /* AppDelegate.swift */ = {isa = PBXFileReference; lastKnownFileType = sourcecode.swift; path = AppDelegate.swift; sourceTree = "<group>"; };
		6A47EBBB20C5C4F3003BD42B /* ViewController.swift */ = {isa = PBXFileReference; lastKnownFileType = sourcecode.swift; path = ViewController.swift; sourceTree = "<group>"; };
		6A47EBBE20C5C4F3003BD42B /* Base */ = {isa = PBXFileReference; lastKnownFileType = file.storyboard; name = Base; path = Base.lproj/Main.storyboard; sourceTree = "<group>"; };
		6A47EBC120C5C4F3003BD42B /* reesebot.xcdatamodel */ = {isa = PBXFileReference; lastKnownFileType = wrapper.xcdatamodel; path = reesebot.xcdatamodel; sourceTree = "<group>"; };
		6A47EBC320C5C4F5003BD42B /* Assets.xcassets */ = {isa = PBXFileReference; lastKnownFileType = folder.assetcatalog; path = Assets.xcassets; sourceTree = "<group>"; };
		6A47EBC620C5C4F5003BD42B /* Base */ = {isa = PBXFileReference; lastKnownFileType = file.storyboard; name = Base; path = Base.lproj/LaunchScreen.storyboard; sourceTree = "<group>"; };
		6A47EBC820C5C4F5003BD42B /* Info.plist */ = {isa = PBXFileReference; lastKnownFileType = text.plist.xml; path = Info.plist; sourceTree = "<group>"; };
		6A47EBCD20C5C4F5003BD42B /* reesebotTests.xctest */ = {isa = PBXFileReference; explicitFileType = wrapper.cfbundle; includeInIndex = 0; path = reesebotTests.xctest; sourceTree = BUILT_PRODUCTS_DIR; };
		6A47EBD120C5C4F5003BD42B /* reesebotTests.swift */ = {isa = PBXFileReference; lastKnownFileType = sourcecode.swift; path = reesebotTests.swift; sourceTree = "<group>"; };
		6A47EBD320C5C4F5003BD42B /* Info.plist */ = {isa = PBXFileReference; lastKnownFileType = text.plist.xml; path = Info.plist; sourceTree = "<group>"; };
		6A47EBD820C5C4F5003BD42B /* reesebotUITests.xctest */ = {isa = PBXFileReference; explicitFileType = wrapper.cfbundle; includeInIndex = 0; path = reesebotUITests.xctest; sourceTree = BUILT_PRODUCTS_DIR; };
		6A47EBDC20C5C4F5003BD42B /* reesebotUITests.swift */ = {isa = PBXFileReference; lastKnownFileType = sourcecode.swift; path = reesebotUITests.swift; sourceTree = "<group>"; };
		6A47EBDE20C5C4F5003BD42B /* Info.plist */ = {isa = PBXFileReference; lastKnownFileType = text.plist.xml; path = Info.plist; sourceTree = "<group>"; };
		6A47EBEB20C5D048003BD42B /* AssistantV1.framework */ = {isa = PBXFileReference; lastKnownFileType = wrapper.framework; name = AssistantV1.framework; path = Carthage/Build/iOS/AssistantV1.framework; sourceTree = "<group>"; };
		6A815BC420C5DF8D008F7266 /* Bridging-Header.h */ = {isa = PBXFileReference; lastKnownFileType = sourcecode.c.h; name = "Bridging-Header.h"; path = "reesebot/Bridging-Header.h"; sourceTree = "<group>"; };
		6A9062CE20E57E0C00306BD6 /* unc.png */ = {isa = PBXFileReference; lastKnownFileType = image.png; path = unc.png; sourceTree = "<group>"; };
		6A9062D020E57FC200306BD6 /* share.png */ = {isa = PBXFileReference; lastKnownFileType = image.png; path = share.png; sourceTree = "<group>"; };
		6AAD51A720C7083900AB746D /* DiscoveryV1.framework */ = {isa = PBXFileReference; lastKnownFileType = wrapper.framework; name = DiscoveryV1.framework; path = Carthage/Build/iOS/DiscoveryV1.framework; sourceTree = "<group>"; };
		6C9B8A90BA2B1EF3104A5EFB /* Pods-reesebotTests.release.xcconfig */ = {isa = PBXFileReference; includeInIndex = 1; lastKnownFileType = text.xcconfig; name = "Pods-reesebotTests.release.xcconfig"; path = "Pods/Target Support Files/Pods-reesebotTests/Pods-reesebotTests.release.xcconfig"; sourceTree = "<group>"; };
		6D424A552874E8FBDC429C30 /* Pods_reesebotUITests.framework */ = {isa = PBXFileReference; explicitFileType = wrapper.framework; includeInIndex = 0; path = Pods_reesebotUITests.framework; sourceTree = BUILT_PRODUCTS_DIR; };
		9C5BD553A3A7261F849B4471 /* Pods-reesebot.debug.xcconfig */ = {isa = PBXFileReference; includeInIndex = 1; lastKnownFileType = text.xcconfig; name = "Pods-reesebot.debug.xcconfig"; path = "Pods/Target Support Files/Pods-reesebot/Pods-reesebot.debug.xcconfig"; sourceTree = "<group>"; };
		CF273E3AF8A7DFDA5F6F2282 /* Pods-reesebot.release.xcconfig */ = {isa = PBXFileReference; includeInIndex = 1; lastKnownFileType = text.xcconfig; name = "Pods-reesebot.release.xcconfig"; path = "Pods/Target Support Files/Pods-reesebot/Pods-reesebot.release.xcconfig"; sourceTree = "<group>"; };
/* End PBXFileReference section */

/* Begin PBXFrameworksBuildPhase section */
		6A47EBB320C5C4F3003BD42B /* Frameworks */ = {
			isa = PBXFrameworksBuildPhase;
			buildActionMask = 2147483647;
			files = (
				6AAD51A920C7084200AB746D /* DiscoveryV1.framework in Frameworks */,
				6AAD51A820C7083900AB746D /* DiscoveryV1.framework in Frameworks */,
				6A7E255C20C5D5820098F6FC /* AssistantV1.framework in Frameworks */,
				C33677D5ABC78AFE43EEC58D /* Pods_reesebot.framework in Frameworks */,
			);
			runOnlyForDeploymentPostprocessing = 0;
		};
		6A47EBCA20C5C4F5003BD42B /* Frameworks */ = {
			isa = PBXFrameworksBuildPhase;
			buildActionMask = 2147483647;
			files = (
				E1FAC3AE48FAF14B8B89929B /* Pods_reesebotTests.framework in Frameworks */,
			);
			runOnlyForDeploymentPostprocessing = 0;
		};
		6A47EBD520C5C4F5003BD42B /* Frameworks */ = {
			isa = PBXFrameworksBuildPhase;
			buildActionMask = 2147483647;
			files = (
				3E033FEFC4AA9C753A0371D8 /* Pods_reesebotUITests.framework in Frameworks */,
			);
			runOnlyForDeploymentPostprocessing = 0;
		};
/* End PBXFrameworksBuildPhase section */

/* Begin PBXGroup section */
		6A47EBAD20C5C4F3003BD42B = {
			isa = PBXGroup;
			children = (
				6A0EC2D5210225A8006FBCEC /* DiscoveryV1.framework */,
				6A0EC2D321022594006FBCEC /* AssistantV1.framework */,
				6A815BC420C5DF8D008F7266 /* Bridging-Header.h */,
				6A47EBB820C5C4F3003BD42B /* reesebot */,
				6A47EBD020C5C4F5003BD42B /* reesebotTests */,
				6A47EBDB20C5C4F5003BD42B /* reesebotUITests */,
				6A47EBB720C5C4F3003BD42B /* Products */,
				6A47EBEA20C5D048003BD42B /* Frameworks */,
				78277310F178D540452B4AFB /* Pods */,
			);
			sourceTree = "<group>";
		};
		6A47EBB720C5C4F3003BD42B /* Products */ = {
			isa = PBXGroup;
			children = (
				6A47EBB620C5C4F3003BD42B /* reesebot.app */,
				6A47EBCD20C5C4F5003BD42B /* reesebotTests.xctest */,
				6A47EBD820C5C4F5003BD42B /* reesebotUITests.xctest */,
			);
			name = Products;
			sourceTree = "<group>";
		};
		6A47EBB820C5C4F3003BD42B /* reesebot */ = {
			isa = PBXGroup;
			children = (
				6A47EBB920C5C4F3003BD42B /* AppDelegate.swift */,
				6A47EBBB20C5C4F3003BD42B /* ViewController.swift */,
				6A47EBBD20C5C4F3003BD42B /* Main.storyboard */,
				6A47EBC320C5C4F5003BD42B /* Assets.xcassets */,
				6A47EBC520C5C4F5003BD42B /* LaunchScreen.storyboard */,
				6A47EBC820C5C4F5003BD42B /* Info.plist */,
				6A47EBC020C5C4F3003BD42B /* reesebot.xcdatamodeld */,
				6A9062CE20E57E0C00306BD6 /* unc.png */,
				6A9062D020E57FC200306BD6 /* share.png */,
			);
			path = reesebot;
			sourceTree = "<group>";
		};
		6A47EBD020C5C4F5003BD42B /* reesebotTests */ = {
			isa = PBXGroup;
			children = (
				6A47EBD120C5C4F5003BD42B /* reesebotTests.swift */,
				6A47EBD320C5C4F5003BD42B /* Info.plist */,
			);
			path = reesebotTests;
			sourceTree = "<group>";
		};
		6A47EBDB20C5C4F5003BD42B /* reesebotUITests */ = {
			isa = PBXGroup;
			children = (
				6A47EBDC20C5C4F5003BD42B /* reesebotUITests.swift */,
				6A47EBDE20C5C4F5003BD42B /* Info.plist */,
			);
			path = reesebotUITests;
			sourceTree = "<group>";
		};
		6A47EBEA20C5D048003BD42B /* Frameworks */ = {
			isa = PBXGroup;
			children = (
				6AAD51A720C7083900AB746D /* DiscoveryV1.framework */,
				6A47EBEB20C5D048003BD42B /* AssistantV1.framework */,
				3CF1FC92CCB8CD9D811D954C /* Pods_reesebot.framework */,
				181FC25CF44E64713C5A0A9C /* Pods_reesebotTests.framework */,
				6D424A552874E8FBDC429C30 /* Pods_reesebotUITests.framework */,
			);
			name = Frameworks;
			sourceTree = "<group>";
		};
		78277310F178D540452B4AFB /* Pods */ = {
			isa = PBXGroup;
			children = (
				9C5BD553A3A7261F849B4471 /* Pods-reesebot.debug.xcconfig */,
				CF273E3AF8A7DFDA5F6F2282 /* Pods-reesebot.release.xcconfig */,
				5EB2342A626C79CD8A51956C /* Pods-reesebotTests.debug.xcconfig */,
				6C9B8A90BA2B1EF3104A5EFB /* Pods-reesebotTests.release.xcconfig */,
				14B6FA63FDCA956602FFD9E4 /* Pods-reesebotUITests.debug.xcconfig */,
				3F1C5A51F9912566C1C2A15E /* Pods-reesebotUITests.release.xcconfig */,
			);
			name = Pods;
			sourceTree = "<group>";
		};
/* End PBXGroup section */

/* Begin PBXNativeTarget section */
		6A47EBB520C5C4F3003BD42B /* reesebot */ = {
			isa = PBXNativeTarget;
			buildConfigurationList = 6A47EBE120C5C4F5003BD42B /* Build configuration list for PBXNativeTarget "reesebot" */;
			buildPhases = (
				AAFF964E6A7A5E8AEFAABE5A /* [CP] Check Pods Manifest.lock */,
				6A47EBB220C5C4F3003BD42B /* Sources */,
				6A47EBB320C5C4F3003BD42B /* Frameworks */,
				6A47EBB420C5C4F3003BD42B /* Resources */,
				6A47EBED20C5D075003BD42B /* ShellScript */,
				6A7E255820C5D51C0098F6FC /* Embed Frameworks */,
				688B6D4F3180E0A65960AD50 /* [CP] Embed Pods Frameworks */,
				6A0EC2D221022579006FBCEC /* CopyFiles */,
				6A0EC2D721026CA8006FBCEC /* ShellScript */,
			);
			buildRules = (
			);
			dependencies = (
			);
			name = reesebot;
			productName = reesebot;
			productReference = 6A47EBB620C5C4F3003BD42B /* reesebot.app */;
			productType = "com.apple.product-type.application";
		};
		6A47EBCC20C5C4F5003BD42B /* reesebotTests */ = {
			isa = PBXNativeTarget;
			buildConfigurationList = 6A47EBE420C5C4F5003BD42B /* Build configuration list for PBXNativeTarget "reesebotTests" */;
			buildPhases = (
				89D13E339404C23597301A3B /* [CP] Check Pods Manifest.lock */,
				6A47EBC920C5C4F5003BD42B /* Sources */,
				6A47EBCA20C5C4F5003BD42B /* Frameworks */,
				6A47EBCB20C5C4F5003BD42B /* Resources */,
			);
			buildRules = (
			);
			dependencies = (
				6A47EBCF20C5C4F5003BD42B /* PBXTargetDependency */,
			);
			name = reesebotTests;
			productName = reesebotTests;
			productReference = 6A47EBCD20C5C4F5003BD42B /* reesebotTests.xctest */;
			productType = "com.apple.product-type.bundle.unit-test";
		};
		6A47EBD720C5C4F5003BD42B /* reesebotUITests */ = {
			isa = PBXNativeTarget;
			buildConfigurationList = 6A47EBE720C5C4F5003BD42B /* Build configuration list for PBXNativeTarget "reesebotUITests" */;
			buildPhases = (
				FF9D5C996587F42E0B70F73A /* [CP] Check Pods Manifest.lock */,
				6A47EBD420C5C4F5003BD42B /* Sources */,
				6A47EBD520C5C4F5003BD42B /* Frameworks */,
				6A47EBD620C5C4F5003BD42B /* Resources */,
			);
			buildRules = (
			);
			dependencies = (
				6A47EBDA20C5C4F5003BD42B /* PBXTargetDependency */,
			);
			name = reesebotUITests;
			productName = reesebotUITests;
			productReference = 6A47EBD820C5C4F5003BD42B /* reesebotUITests.xctest */;
			productType = "com.apple.product-type.bundle.ui-testing";
		};
/* End PBXNativeTarget section */

/* Begin PBXProject section */
		6A47EBAE20C5C4F3003BD42B /* Project object */ = {
			isa = PBXProject;
			attributes = {
				LastSwiftUpdateCheck = 0940;
				LastUpgradeCheck = 0940;
				ORGANIZATIONNAME = "James Hunt";
				TargetAttributes = {
					6A47EBB520C5C4F3003BD42B = {
						CreatedOnToolsVersion = 9.4;
					};
					6A47EBCC20C5C4F5003BD42B = {
						CreatedOnToolsVersion = 9.4;
						TestTargetID = 6A47EBB520C5C4F3003BD42B;
					};
					6A47EBD720C5C4F5003BD42B = {
						CreatedOnToolsVersion = 9.4;
						TestTargetID = 6A47EBB520C5C4F3003BD42B;
					};
				};
			};
			buildConfigurationList = 6A47EBB120C5C4F3003BD42B /* Build configuration list for PBXProject "reesebot" */;
			compatibilityVersion = "Xcode 9.3";
			developmentRegion = en;
			hasScannedForEncodings = 0;
			knownRegions = (
				en,
				Base,
			);
			mainGroup = 6A47EBAD20C5C4F3003BD42B;
			productRefGroup = 6A47EBB720C5C4F3003BD42B /* Products */;
			projectDirPath = "";
			projectRoot = "";
			targets = (
				6A47EBB520C5C4F3003BD42B /* reesebot */,
				6A47EBCC20C5C4F5003BD42B /* reesebotTests */,
				6A47EBD720C5C4F5003BD42B /* reesebotUITests */,
			);
		};
/* End PBXProject section */

/* Begin PBXResourcesBuildPhase section */
		6A47EBB420C5C4F3003BD42B /* Resources */ = {
			isa = PBXResourcesBuildPhase;
			buildActionMask = 2147483647;
			files = (
				6A9062CF20E57E0C00306BD6 /* unc.png in Resources */,
				6A47EBC720C5C4F5003BD42B /* LaunchScreen.storyboard in Resources */,
				6A9062D120E57FC200306BD6 /* share.png in Resources */,
				6A47EBC420C5C4F5003BD42B /* Assets.xcassets in Resources */,
				6A47EBBF20C5C4F3003BD42B /* Main.storyboard in Resources */,
			);
			runOnlyForDeploymentPostprocessing = 0;
		};
		6A47EBCB20C5C4F5003BD42B /* Resources */ = {
			isa = PBXResourcesBuildPhase;
			buildActionMask = 2147483647;
			files = (
			);
			runOnlyForDeploymentPostprocessing = 0;
		};
		6A47EBD620C5C4F5003BD42B /* Resources */ = {
			isa = PBXResourcesBuildPhase;
			buildActionMask = 2147483647;
			files = (
			);
			runOnlyForDeploymentPostprocessing = 0;
		};
/* End PBXResourcesBuildPhase section */

/* Begin PBXShellScriptBuildPhase section */
		688B6D4F3180E0A65960AD50 /* [CP] Embed Pods Frameworks */ = {
			isa = PBXShellScriptBuildPhase;
			buildActionMask = 2147483647;
			files = (
			);
			inputPaths = (
				"${SRCROOT}/Pods/Target Support Files/Pods-reesebot/Pods-reesebot-frameworks.sh",
				"${BUILT_PRODUCTS_DIR}/JSQMessagesViewController/JSQMessagesViewController.framework",
				"${BUILT_PRODUCTS_DIR}/JSQSystemSoundPlayer/JSQSystemSoundPlayer.framework",
			);
			name = "[CP] Embed Pods Frameworks";
			outputPaths = (
				"${TARGET_BUILD_DIR}/${FRAMEWORKS_FOLDER_PATH}/JSQMessagesViewController.framework",
				"${TARGET_BUILD_DIR}/${FRAMEWORKS_FOLDER_PATH}/JSQSystemSoundPlayer.framework",
			);
			runOnlyForDeploymentPostprocessing = 0;
			shellPath = /bin/sh;
			shellScript = "\"${SRCROOT}/Pods/Target Support Files/Pods-reesebot/Pods-reesebot-frameworks.sh\"\n";
			showEnvVarsInLog = 0;
		};
		6A0EC2D721026CA8006FBCEC /* ShellScript */ = {
			isa = PBXShellScriptBuildPhase;
			buildActionMask = 2147483647;
			files = (
			);
			inputPaths = (
			);
			outputPaths = (
			);
			runOnlyForDeploymentPostprocessing = 0;
			shellPath = /bin/sh;
			shellScript = "APP_PATH=\"${TARGET_BUILD_DIR}/${WRAPPER_NAME}\"\n\n# This script loops through the frameworks embedded in the application and\n# removes unused architectures.\nfind \"$APP_PATH\" -name '*.framework' -type d | while read -r FRAMEWORK\ndo\nFRAMEWORK_EXECUTABLE_NAME=$(defaults read \"$FRAMEWORK/Info.plist\" CFBundleExecutable)\nFRAMEWORK_EXECUTABLE_PATH=\"$FRAMEWORK/$FRAMEWORK_EXECUTABLE_NAME\"\necho \"Executable is $FRAMEWORK_EXECUTABLE_PATH\"\n\nEXTRACTED_ARCHS=()\n\nfor ARCH in $ARCHS\ndo\necho \"Extracting $ARCH from $FRAMEWORK_EXECUTABLE_NAME\"\nlipo -extract \"$ARCH\" \"$FRAMEWORK_EXECUTABLE_PATH\" -o \"$FRAMEWORK_EXECUTABLE_PATH-$ARCH\"\nEXTRACTED_ARCHS+=(\"$FRAMEWORK_EXECUTABLE_PATH-$ARCH\")\ndone\n\necho \"Merging extracted architectures: ${ARCHS}\"\nlipo -o \"$FRAMEWORK_EXECUTABLE_PATH-merged\" -create \"${EXTRACTED_ARCHS[@]}\"\nrm \"${EXTRACTED_ARCHS[@]}\"\n\necho \"Replacing original executable with thinned version\"\nrm \"$FRAMEWORK_EXECUTABLE_PATH\"\nmv \"$FRAMEWORK_EXECUTABLE_PATH-merged\" \"$FRAMEWORK_EXECUTABLE_PATH\"\n\ndone";
		};
		6A47EBED20C5D075003BD42B /* ShellScript */ = {
			isa = PBXShellScriptBuildPhase;
			buildActionMask = 12;
			files = (
			);
			inputPaths = (
				"$(SRCROOT)/Carthage/Build/iOS/AssistantV1.framework",
				"$(SRCROOT)/Carthage/Build/iOS/DiscoveryV1.framework",
			);
			outputPaths = (
			);
			runOnlyForDeploymentPostprocessing = 0;
			shellPath = /bin/sh;
			shellScript = "/usr/local/bin/carthage copy-frameworks";
			showEnvVarsInLog = 0;
		};
		89D13E339404C23597301A3B /* [CP] Check Pods Manifest.lock */ = {
			isa = PBXShellScriptBuildPhase;
			buildActionMask = 2147483647;
			files = (
			);
			inputPaths = (
				"${PODS_PODFILE_DIR_PATH}/Podfile.lock",
				"${PODS_ROOT}/Manifest.lock",
			);
			name = "[CP] Check Pods Manifest.lock";
			outputPaths = (
				"$(DERIVED_FILE_DIR)/Pods-reesebotTests-checkManifestLockResult.txt",
			);
			runOnlyForDeploymentPostprocessing = 0;
			shellPath = /bin/sh;
			shellScript = "diff \"${PODS_PODFILE_DIR_PATH}/Podfile.lock\" \"${PODS_ROOT}/Manifest.lock\" > /dev/null\nif [ $? != 0 ] ; then\n    # print error to STDERR\n    echo \"error: The sandbox is not in sync with the Podfile.lock. Run 'pod install' or update your CocoaPods installation.\" >&2\n    exit 1\nfi\n# This output is used by Xcode 'outputs' to avoid re-running this script phase.\necho \"SUCCESS\" > \"${SCRIPT_OUTPUT_FILE_0}\"\n";
			showEnvVarsInLog = 0;
		};
		AAFF964E6A7A5E8AEFAABE5A /* [CP] Check Pods Manifest.lock */ = {
			isa = PBXShellScriptBuildPhase;
			buildActionMask = 2147483647;
			files = (
			);
			inputPaths = (
				"${PODS_PODFILE_DIR_PATH}/Podfile.lock",
				"${PODS_ROOT}/Manifest.lock",
			);
			name = "[CP] Check Pods Manifest.lock";
			outputPaths = (
				"$(DERIVED_FILE_DIR)/Pods-reesebot-checkManifestLockResult.txt",
			);
			runOnlyForDeploymentPostprocessing = 0;
			shellPath = /bin/sh;
			shellScript = "diff \"${PODS_PODFILE_DIR_PATH}/Podfile.lock\" \"${PODS_ROOT}/Manifest.lock\" > /dev/null\nif [ $? != 0 ] ; then\n    # print error to STDERR\n    echo \"error: The sandbox is not in sync with the Podfile.lock. Run 'pod install' or update your CocoaPods installation.\" >&2\n    exit 1\nfi\n# This output is used by Xcode 'outputs' to avoid re-running this script phase.\necho \"SUCCESS\" > \"${SCRIPT_OUTPUT_FILE_0}\"\n";
			showEnvVarsInLog = 0;
		};
		FF9D5C996587F42E0B70F73A /* [CP] Check Pods Manifest.lock */ = {
			isa = PBXShellScriptBuildPhase;
			buildActionMask = 2147483647;
			files = (
			);
			inputPaths = (
				"${PODS_PODFILE_DIR_PATH}/Podfile.lock",
				"${PODS_ROOT}/Manifest.lock",
			);
			name = "[CP] Check Pods Manifest.lock";
			outputPaths = (
				"$(DERIVED_FILE_DIR)/Pods-reesebotUITests-checkManifestLockResult.txt",
			);
			runOnlyForDeploymentPostprocessing = 0;
			shellPath = /bin/sh;
			shellScript = "diff \"${PODS_PODFILE_DIR_PATH}/Podfile.lock\" \"${PODS_ROOT}/Manifest.lock\" > /dev/null\nif [ $? != 0 ] ; then\n    # print error to STDERR\n    echo \"error: The sandbox is not in sync with the Podfile.lock. Run 'pod install' or update your CocoaPods installation.\" >&2\n    exit 1\nfi\n# This output is used by Xcode 'outputs' to avoid re-running this script phase.\necho \"SUCCESS\" > \"${SCRIPT_OUTPUT_FILE_0}\"\n";
			showEnvVarsInLog = 0;
		};
/* End PBXShellScriptBuildPhase section */

/* Begin PBXSourcesBuildPhase section */
		6A47EBB220C5C4F3003BD42B /* Sources */ = {
			isa = PBXSourcesBuildPhase;
			buildActionMask = 2147483647;
			files = (
				6A47EBBC20C5C4F3003BD42B /* ViewController.swift in Sources */,
				6A47EBBA20C5C4F3003BD42B /* AppDelegate.swift in Sources */,
				6A47EBC220C5C4F3003BD42B /* reesebot.xcdatamodeld in Sources */,
			);
			runOnlyForDeploymentPostprocessing = 0;
		};
		6A47EBC920C5C4F5003BD42B /* Sources */ = {
			isa = PBXSourcesBuildPhase;
			buildActionMask = 2147483647;
			files = (
				6A47EBD220C5C4F5003BD42B /* reesebotTests.swift in Sources */,
			);
			runOnlyForDeploymentPostprocessing = 0;
		};
		6A47EBD420C5C4F5003BD42B /* Sources */ = {
			isa = PBXSourcesBuildPhase;
			buildActionMask = 2147483647;
			files = (
				6A47EBDD20C5C4F5003BD42B /* reesebotUITests.swift in Sources */,
			);
			runOnlyForDeploymentPostprocessing = 0;
		};
/* End PBXSourcesBuildPhase section */

/* Begin PBXTargetDependency section */
		6A47EBCF20C5C4F5003BD42B /* PBXTargetDependency */ = {
			isa = PBXTargetDependency;
			target = 6A47EBB520C5C4F3003BD42B /* reesebot */;
			targetProxy = 6A47EBCE20C5C4F5003BD42B /* PBXContainerItemProxy */;
		};
		6A47EBDA20C5C4F5003BD42B /* PBXTargetDependency */ = {
			isa = PBXTargetDependency;
			target = 6A47EBB520C5C4F3003BD42B /* reesebot */;
			targetProxy = 6A47EBD920C5C4F5003BD42B /* PBXContainerItemProxy */;
		};
/* End PBXTargetDependency section */

/* Begin PBXVariantGroup section */
		6A47EBBD20C5C4F3003BD42B /* Main.storyboard */ = {
			isa = PBXVariantGroup;
			children = (
				6A47EBBE20C5C4F3003BD42B /* Base */,
			);
			name = Main.storyboard;
			sourceTree = "<group>";
		};
		6A47EBC520C5C4F5003BD42B /* LaunchScreen.storyboard */ = {
			isa = PBXVariantGroup;
			children = (
				6A47EBC620C5C4F5003BD42B /* Base */,
			);
			name = LaunchScreen.storyboard;
			sourceTree = "<group>";
		};
/* End PBXVariantGroup section */

/* Begin XCBuildConfiguration section */
		6A47EBDF20C5C4F5003BD42B /* Debug */ = {
			isa = XCBuildConfiguration;
			buildSettings = {
				ALWAYS_SEARCH_USER_PATHS = NO;
				CLANG_ANALYZER_NONNULL = YES;
				CLANG_ANALYZER_NUMBER_OBJECT_CONVERSION = YES_AGGRESSIVE;
				CLANG_CXX_LANGUAGE_STANDARD = "gnu++14";
				CLANG_CXX_LIBRARY = "libc++";
				CLANG_ENABLE_MODULES = YES;
				CLANG_ENABLE_OBJC_ARC = YES;
				CLANG_ENABLE_OBJC_WEAK = YES;
				CLANG_WARN_BLOCK_CAPTURE_AUTORELEASING = YES;
				CLANG_WARN_BOOL_CONVERSION = YES;
				CLANG_WARN_COMMA = YES;
				CLANG_WARN_CONSTANT_CONVERSION = YES;
				CLANG_WARN_DEPRECATED_OBJC_IMPLEMENTATIONS = YES;
				CLANG_WARN_DIRECT_OBJC_ISA_USAGE = YES_ERROR;
				CLANG_WARN_DOCUMENTATION_COMMENTS = YES;
				CLANG_WARN_EMPTY_BODY = YES;
				CLANG_WARN_ENUM_CONVERSION = YES;
				CLANG_WARN_INFINITE_RECURSION = YES;
				CLANG_WARN_INT_CONVERSION = YES;
				CLANG_WARN_NON_LITERAL_NULL_CONVERSION = YES;
				CLANG_WARN_OBJC_IMPLICIT_RETAIN_SELF = YES;
				CLANG_WARN_OBJC_LITERAL_CONVERSION = YES;
				CLANG_WARN_OBJC_ROOT_CLASS = YES_ERROR;
				CLANG_WARN_RANGE_LOOP_ANALYSIS = YES;
				CLANG_WARN_STRICT_PROTOTYPES = YES;
				CLANG_WARN_SUSPICIOUS_MOVE = YES;
				CLANG_WARN_UNGUARDED_AVAILABILITY = YES_AGGRESSIVE;
				CLANG_WARN_UNREACHABLE_CODE = YES;
				CLANG_WARN__DUPLICATE_METHOD_MATCH = YES;
				CODE_SIGN_IDENTITY = "iPhone Developer";
				COPY_PHASE_STRIP = NO;
				DEBUG_INFORMATION_FORMAT = dwarf;
				ENABLE_STRICT_OBJC_MSGSEND = YES;
				ENABLE_TESTABILITY = YES;
				GCC_C_LANGUAGE_STANDARD = gnu11;
				GCC_DYNAMIC_NO_PIC = NO;
				GCC_NO_COMMON_BLOCKS = YES;
				GCC_OPTIMIZATION_LEVEL = 0;
				GCC_PREPROCESSOR_DEFINITIONS = (
					"DEBUG=1",
					"$(inherited)",
				);
				GCC_WARN_64_TO_32_BIT_CONVERSION = YES;
				GCC_WARN_ABOUT_RETURN_TYPE = YES_ERROR;
				GCC_WARN_UNDECLARED_SELECTOR = YES;
				GCC_WARN_UNINITIALIZED_AUTOS = YES_AGGRESSIVE;
				GCC_WARN_UNUSED_FUNCTION = YES;
				GCC_WARN_UNUSED_VARIABLE = YES;
				IPHONEOS_DEPLOYMENT_TARGET = 11.4;
				MTL_ENABLE_DEBUG_INFO = YES;
				ONLY_ACTIVE_ARCH = YES;
				SDKROOT = iphoneos;
				SWIFT_ACTIVE_COMPILATION_CONDITIONS = DEBUG;
				SWIFT_OPTIMIZATION_LEVEL = "-Onone";
			};
			name = Debug;
		};
		6A47EBE020C5C4F5003BD42B /* Release */ = {
			isa = XCBuildConfiguration;
			buildSettings = {
				ALWAYS_SEARCH_USER_PATHS = NO;
				CLANG_ANALYZER_NONNULL = YES;
				CLANG_ANALYZER_NUMBER_OBJECT_CONVERSION = YES_AGGRESSIVE;
				CLANG_CXX_LANGUAGE_STANDARD = "gnu++14";
				CLANG_CXX_LIBRARY = "libc++";
				CLANG_ENABLE_MODULES = YES;
				CLANG_ENABLE_OBJC_ARC = YES;
				CLANG_ENABLE_OBJC_WEAK = YES;
				CLANG_WARN_BLOCK_CAPTURE_AUTORELEASING = YES;
				CLANG_WARN_BOOL_CONVERSION = YES;
				CLANG_WARN_COMMA = YES;
				CLANG_WARN_CONSTANT_CONVERSION = YES;
				CLANG_WARN_DEPRECATED_OBJC_IMPLEMENTATIONS = YES;
				CLANG_WARN_DIRECT_OBJC_ISA_USAGE = YES_ERROR;
				CLANG_WARN_DOCUMENTATION_COMMENTS = YES;
				CLANG_WARN_EMPTY_BODY = YES;
				CLANG_WARN_ENUM_CONVERSION = YES;
				CLANG_WARN_INFINITE_RECURSION = YES;
				CLANG_WARN_INT_CONVERSION = YES;
				CLANG_WARN_NON_LITERAL_NULL_CONVERSION = YES;
				CLANG_WARN_OBJC_IMPLICIT_RETAIN_SELF = YES;
				CLANG_WARN_OBJC_LITERAL_CONVERSION = YES;
				CLANG_WARN_OBJC_ROOT_CLASS = YES_ERROR;
				CLANG_WARN_RANGE_LOOP_ANALYSIS = YES;
				CLANG_WARN_STRICT_PROTOTYPES = YES;
				CLANG_WARN_SUSPICIOUS_MOVE = YES;
				CLANG_WARN_UNGUARDED_AVAILABILITY = YES_AGGRESSIVE;
				CLANG_WARN_UNREACHABLE_CODE = YES;
				CLANG_WARN__DUPLICATE_METHOD_MATCH = YES;
				CODE_SIGN_IDENTITY = "iPhone Developer";
				COPY_PHASE_STRIP = NO;
				DEBUG_INFORMATION_FORMAT = "dwarf-with-dsym";
				ENABLE_NS_ASSERTIONS = NO;
				ENABLE_STRICT_OBJC_MSGSEND = YES;
				GCC_C_LANGUAGE_STANDARD = gnu11;
				GCC_NO_COMMON_BLOCKS = YES;
				GCC_WARN_64_TO_32_BIT_CONVERSION = YES;
				GCC_WARN_ABOUT_RETURN_TYPE = YES_ERROR;
				GCC_WARN_UNDECLARED_SELECTOR = YES;
				GCC_WARN_UNINITIALIZED_AUTOS = YES_AGGRESSIVE;
				GCC_WARN_UNUSED_FUNCTION = YES;
				GCC_WARN_UNUSED_VARIABLE = YES;
				IPHONEOS_DEPLOYMENT_TARGET = 11.4;
				MTL_ENABLE_DEBUG_INFO = NO;
				SDKROOT = iphoneos;
				SWIFT_COMPILATION_MODE = wholemodule;
				SWIFT_OPTIMIZATION_LEVEL = "-O";
				VALIDATE_PRODUCT = YES;
			};
			name = Release;
		};
		6A47EBE220C5C4F5003BD42B /* Debug */ = {
			isa = XCBuildConfiguration;
			baseConfigurationReference = 9C5BD553A3A7261F849B4471 /* Pods-reesebot.debug.xcconfig */;
			buildSettings = {
				ASSETCATALOG_COMPILER_APPICON_NAME = AppIcon;
				CODE_SIGN_STYLE = Automatic;
				DEVELOPMENT_TEAM = 74EVD73P3D;
				FRAMEWORK_SEARCH_PATHS = (
					"$(inherited)",
					"$(PROJECT_DIR)/Carthage/Build/iOS",
				);
				INFOPLIST_FILE = reesebot/Info.plist;
				LD_RUNPATH_SEARCH_PATHS = (
					"$(inherited)",
					"@executable_path/Frameworks",
				);
				PRODUCT_BUNDLE_IDENTIFIER = com.jameshunt.reesebot;
				PRODUCT_NAME = "$(TARGET_NAME)";
				SWIFT_OBJC_BRIDGING_HEADER = "Bridging-Header.h";
				SWIFT_VERSION = 4.0;
				TARGETED_DEVICE_FAMILY = "1,2";
			};
			name = Debug;
		};
		6A47EBE320C5C4F5003BD42B /* Release */ = {
			isa = XCBuildConfiguration;
			baseConfigurationReference = CF273E3AF8A7DFDA5F6F2282 /* Pods-reesebot.release.xcconfig */;
			buildSettings = {
				ASSETCATALOG_COMPILER_APPICON_NAME = AppIcon;
				CODE_SIGN_STYLE = Automatic;
				DEVELOPMENT_TEAM = 74EVD73P3D;
				FRAMEWORK_SEARCH_PATHS = (
					"$(inherited)",
					"$(PROJECT_DIR)/Carthage/Build/iOS",
				);
				INFOPLIST_FILE = reesebot/Info.plist;
				LD_RUNPATH_SEARCH_PATHS = (
					"$(inherited)",
					"@executable_path/Frameworks",
				);
				PRODUCT_BUNDLE_IDENTIFIER = com.jameshunt.reesebot;
				PRODUCT_NAME = "$(TARGET_NAME)";
				SWIFT_OBJC_BRIDGING_HEADER = "Bridging-Header.h";
				SWIFT_VERSION = 4.0;
				TARGETED_DEVICE_FAMILY = "1,2";
			};
			name = Release;
		};
		6A47EBE520C5C4F5003BD42B /* Debug */ = {
			isa = XCBuildConfiguration;
			baseConfigurationReference = 5EB2342A626C79CD8A51956C /* Pods-reesebotTests.debug.xcconfig */;
			buildSettings = {
				ALWAYS_EMBED_SWIFT_STANDARD_LIBRARIES = YES;
				BUNDLE_LOADER = "$(TEST_HOST)";
				CODE_SIGN_STYLE = Automatic;
				DEVELOPMENT_TEAM = 74EVD73P3D;
				INFOPLIST_FILE = reesebotTests/Info.plist;
				LD_RUNPATH_SEARCH_PATHS = (
					"$(inherited)",
					"@executable_path/Frameworks",
					"@loader_path/Frameworks",
				);
				PRODUCT_BUNDLE_IDENTIFIER = com.jameshunt.reesebotTests;
				PRODUCT_NAME = "$(TARGET_NAME)";
				SWIFT_VERSION = 4.0;
				TARGETED_DEVICE_FAMILY = "1,2";
				TEST_HOST = "$(BUILT_PRODUCTS_DIR)/reesebot.app/reesebot";
			};
			name = Debug;
		};
		6A47EBE620C5C4F5003BD42B /* Release */ = {
			isa = XCBuildConfiguration;
			baseConfigurationReference = 6C9B8A90BA2B1EF3104A5EFB /* Pods-reesebotTests.release.xcconfig */;
			buildSettings = {
				ALWAYS_EMBED_SWIFT_STANDARD_LIBRARIES = YES;
				BUNDLE_LOADER = "$(TEST_HOST)";
				CODE_SIGN_STYLE = Automatic;
				DEVELOPMENT_TEAM = 74EVD73P3D;
				INFOPLIST_FILE = reesebotTests/Info.plist;
				LD_RUNPATH_SEARCH_PATHS = (
					"$(inherited)",
					"@executable_path/Frameworks",
					"@loader_path/Frameworks",
				);
				PRODUCT_BUNDLE_IDENTIFIER = com.jameshunt.reesebotTests;
				PRODUCT_NAME = "$(TARGET_NAME)";
				SWIFT_VERSION = 4.0;
				TARGETED_DEVICE_FAMILY = "1,2";
				TEST_HOST = "$(BUILT_PRODUCTS_DIR)/reesebot.app/reesebot";
			};
			name = Release;
		};
		6A47EBE820C5C4F5003BD42B /* Debug */ = {
			isa = XCBuildConfiguration;
			baseConfigurationReference = 14B6FA63FDCA956602FFD9E4 /* Pods-reesebotUITests.debug.xcconfig */;
			buildSettings = {
				ALWAYS_EMBED_SWIFT_STANDARD_LIBRARIES = YES;
				CODE_SIGN_STYLE = Automatic;
				DEVELOPMENT_TEAM = 74EVD73P3D;
				INFOPLIST_FILE = reesebotUITests/Info.plist;
				LD_RUNPATH_SEARCH_PATHS = (
					"$(inherited)",
					"@executable_path/Frameworks",
					"@loader_path/Frameworks",
				);
				PRODUCT_BUNDLE_IDENTIFIER = com.jameshunt.reesebotUITests;
				PRODUCT_NAME = "$(TARGET_NAME)";
				SWIFT_VERSION = 4.0;
				TARGETED_DEVICE_FAMILY = "1,2";
				TEST_TARGET_NAME = reesebot;
			};
			name = Debug;
		};
		6A47EBE920C5C4F5003BD42B /* Release */ = {
			isa = XCBuildConfiguration;
			baseConfigurationReference = 3F1C5A51F9912566C1C2A15E /* Pods-reesebotUITests.release.xcconfig */;
			buildSettings = {
				ALWAYS_EMBED_SWIFT_STANDARD_LIBRARIES = YES;
				CODE_SIGN_STYLE = Automatic;
				DEVELOPMENT_TEAM = 74EVD73P3D;
				INFOPLIST_FILE = reesebotUITests/Info.plist;
				LD_RUNPATH_SEARCH_PATHS = (
					"$(inherited)",
					"@executable_path/Frameworks",
					"@loader_path/Frameworks",
				);
				PRODUCT_BUNDLE_IDENTIFIER = com.jameshunt.reesebotUITests;
				PRODUCT_NAME = "$(TARGET_NAME)";
				SWIFT_VERSION = 4.0;
				TARGETED_DEVICE_FAMILY = "1,2";
				TEST_TARGET_NAME = reesebot;
			};
			name = Release;
		};
/* End XCBuildConfiguration section */

/* Begin XCConfigurationList section */
		6A47EBB120C5C4F3003BD42B /* Build configuration list for PBXProject "reesebot" */ = {
			isa = XCConfigurationList;
			buildConfigurations = (
				6A47EBDF20C5C4F5003BD42B /* Debug */,
				6A47EBE020C5C4F5003BD42B /* Release */,
			);
			defaultConfigurationIsVisible = 0;
			defaultConfigurationName = Release;
		};
		6A47EBE120C5C4F5003BD42B /* Build configuration list for PBXNativeTarget "reesebot" */ = {
			isa = XCConfigurationList;
			buildConfigurations = (
				6A47EBE220C5C4F5003BD42B /* Debug */,
				6A47EBE320C5C4F5003BD42B /* Release */,
			);
			defaultConfigurationIsVisible = 0;
			defaultConfigurationName = Release;
		};
		6A47EBE420C5C4F5003BD42B /* Build configuration list for PBXNativeTarget "reesebotTests" */ = {
			isa = XCConfigurationList;
			buildConfigurations = (
				6A47EBE520C5C4F5003BD42B /* Debug */,
				6A47EBE620C5C4F5003BD42B /* Release */,
			);
			defaultConfigurationIsVisible = 0;
			defaultConfigurationName = Release;
		};
		6A47EBE720C5C4F5003BD42B /* Build configuration list for PBXNativeTarget "reesebotUITests" */ = {
			isa = XCConfigurationList;
			buildConfigurations = (
				6A47EBE820C5C4F5003BD42B /* Debug */,
				6A47EBE920C5C4F5003BD42B /* Release */,
			);
			defaultConfigurationIsVisible = 0;
			defaultConfigurationName = Release;
		};
/* End XCConfigurationList section */

/* Begin XCVersionGroup section */
		6A47EBC020C5C4F3003BD42B /* reesebot.xcdatamodeld */ = {
			isa = XCVersionGroup;
			children = (
				6A47EBC120C5C4F3003BD42B /* reesebot.xcdatamodel */,
			);
			currentVersion = 6A47EBC120C5C4F3003BD42B /* reesebot.xcdatamodel */;
			path = reesebot.xcdatamodeld;
			sourceTree = "<group>";
			versionGroupType = wrapper.xcdatamodel;
		};
/* End XCVersionGroup section */
	};
	rootObject = 6A47EBAE20C5C4F3003BD42B /* Project object */;
}
